
Microsoft Visual Studio Solution File, Format Version 12.00
# Visual Studio Version 17
VisualStudioVersion = 17.2.32616.157
MinimumVisualStudioVersion = 10.0.40219.1
Project("{FAE04EC0-301F-11D3-BF4B-00C04F79EFBC}") = "Conti", "Conti.csproj", "{AD76179E-F370-4617-A5D2-E25E90437B5B}"
EndProject
Global
	GlobalSection(SolutionConfigurationPlatforms) = preSolution
		Debug|Any CPU = Debug|Any CPU
		Release|Any CPU = Release|Any CPU
	EndGlobalSection
	GlobalSection(ProjectConfigurationPlatforms) = postSolution
		{AD76179E-F370-4617-A5D2-E25E90437B5B}.Debug|Any CPU.ActiveCfg = Debug|Any CPU
		{AD76179E-F370-4617-A5D2-E25E90437B5B}.Debug|Any CPU.Build.0 = Debug|Any CPU
		{AD76179E-F370-4617-A5D2-E25E90437B5B}.Release|Any CPU.ActiveCfg = Release|Any CPU
		{AD76179E-F370-4617-A5D2-E25E90437B5B}.Release|Any CPU.Build.0 = Release|Any CPU
	EndGlobalSection
	GlobalSection(SolutionProperties) = preSolution
		HideSolutionNode = FALSE
	EndGlobalSection
	GlobalSection(ExtensibilityGlobals) = postSolution
		SolutionGuid = {092638F8-C0B9-4B18-8E6B-093486B078CA}
	EndGlobalSection
EndGlobal
